
Microsoft Visual Studio Solution File, Format Version 12.00
# Visual Studio Version 17
VisualStudioVersion = 17.4.33103.184
MinimumVisualStudioVersion = 10.0.40219.1
Project("{9A19103F-16F7-4668-BE54-9A1E7A4F7556}") = "WebBMI", "WebBMI\WebBMI.csproj", "{9E656FA2-7D29-4BE7-B1B1-0FE2CFA96F1F}"
EndProject
Project("{9A19103F-16F7-4668-BE54-9A1E7A4F7556}") = "HealthMgr", "HealthMgr\HealthMgr.csproj", "{3E7E838A-A1CB-4CEC-9516-FA39DE745CDD}"
EndProject
Project("{9A19103F-16F7-4668-BE54-9A1E7A4F7556}") = "HealthMgrTest", "HealthMgrTest\HealthMgrTest.csproj", "{EDA85D64-BFE7-4ED2-A0D1-CF529CD55705}"
EndProject
Project("{2150E333-8FDC-42A3-9474-1A3956D46DE8}") = "方案項目", "方案項目", "{3AF4B6BD-B5AD-42FC-8ECB-20931F38E085}"
	ProjectSection(SolutionItems) = preProject
		azure-pipelines.yml = azure-pipelines.yml
	EndProjectSection
EndProject
Global
	GlobalSection(SolutionConfigurationPlatforms) = preSolution
		Debug|Any CPU = Debug|Any CPU
		Release|Any CPU = Release|Any CPU
	EndGlobalSection
	GlobalSection(ProjectConfigurationPlatforms) = postSolution
		{9E656FA2-7D29-4BE7-B1B1-0FE2CFA96F1F}.Debug|Any CPU.ActiveCfg = Debug|Any CPU
		{9E656FA2-7D29-4BE7-B1B1-0FE2CFA96F1F}.Debug|Any CPU.Build.0 = Debug|Any CPU
		{9E656FA2-7D29-4BE7-B1B1-0FE2CFA96F1F}.Release|Any CPU.ActiveCfg = Release|Any CPU
		{9E656FA2-7D29-4BE7-B1B1-0FE2CFA96F1F}.Release|Any CPU.Build.0 = Release|Any CPU
		{3E7E838A-A1CB-4CEC-9516-FA39DE745CDD}.Debug|Any CPU.ActiveCfg = Debug|Any CPU
		{3E7E838A-A1CB-4CEC-9516-FA39DE745CDD}.Debug|Any CPU.Build.0 = Debug|Any CPU
		{3E7E838A-A1CB-4CEC-9516-FA39DE745CDD}.Release|Any CPU.ActiveCfg = Release|Any CPU
		{3E7E838A-A1CB-4CEC-9516-FA39DE745CDD}.Release|Any CPU.Build.0 = Release|Any CPU
		{EDA85D64-BFE7-4ED2-A0D1-CF529CD55705}.Debug|Any CPU.ActiveCfg = Debug|Any CPU
		{EDA85D64-BFE7-4ED2-A0D1-CF529CD55705}.Debug|Any CPU.Build.0 = Debug|Any CPU
		{EDA85D64-BFE7-4ED2-A0D1-CF529CD55705}.Release|Any CPU.ActiveCfg = Release|Any CPU
		{EDA85D64-BFE7-4ED2-A0D1-CF529CD55705}.Release|Any CPU.Build.0 = Release|Any CPU
	EndGlobalSection
	GlobalSection(SolutionProperties) = preSolution
		HideSolutionNode = FALSE
	EndGlobalSection
	GlobalSection(ExtensibilityGlobals) = postSolution
		SolutionGuid = {EEA57220-95FB-4F53-8101-0E4AF550F6E3}
	EndGlobalSection
EndGlobal
